
Microsoft Visual Studio Solution File, Format Version 12.00
# Visual Studio Version 17
VisualStudioVersion = 17.5.002.0
MinimumVisualStudioVersion = 10.0.40219.1
Project("{9A19103F-16F7-4668-BE54-9A1E7A4F7556}") = "PhoneBookApp", "PhoneBookApp.csproj", "{4FEBCC84-5101-49AD-94F2-DA5CBECA4E54}"
EndProject
Global
	GlobalSection(SolutionConfigurationPlatforms) = preSolution
		Debug|Any CPU = Debug|Any CPU
		Release|Any CPU = Release|Any CPU
	EndGlobalSection
	GlobalSection(ProjectConfigurationPlatforms) = postSolution
		{4FEBCC84-5101-49AD-94F2-DA5CBECA4E54}.Debug|Any CPU.ActiveCfg = Debug|Any CPU
		{4FEBCC84-5101-49AD-94F2-DA5CBECA4E54}.Debug|Any CPU.Build.0 = Debug|Any CPU
		{4FEBCC84-5101-49AD-94F2-DA5CBECA4E54}.Release|Any CPU.ActiveCfg = Release|Any CPU
		{4FEBCC84-5101-49AD-94F2-DA5CBECA4E54}.Release|Any CPU.Build.0 = Release|Any CPU
	EndGlobalSection
	GlobalSection(SolutionProperties) = preSolution
		HideSolutionNode = FALSE
	EndGlobalSection
	GlobalSection(ExtensibilityGlobals) = postSolution
		SolutionGuid = {603F548E-3234-487A-AE86-67EAA00E6A5E}
	EndGlobalSection
EndGlobal
